PODS:
  - AFNetworking/NSURLConnection (2.1.0):
    - AFNetworking/Reachability
    - AFNetworking/Security
    - AFNetworking/Serialization
  - AFNetworking/Reachability (2.1.0)
  - AFNetworking/Security (2.1.0)
  - AFNetworking/Serialization (2.1.0)
  - AutoCoding (2.1)
  - BOAPI (0.0.1):
    - AFNetworking/NSURLConnection
    - AFNetworking/Reachability
    - AFNetworking/Security
    - AFNetworking/Serialization
    - AutoCoding
    - BOAPI/Additions
    - BOAPI/Constants
    - BOAPI/Core
    - BOAPI/Operations
    - DPKit (~> 0.0.6)
    - DPObject
    - DPStorage
    - NSDictionary-Deserialize
    - NSObject+AutoDescription
    - NSObject-UserDefaults
  - BOAPI/Additions (0.0.1):
    - AFNetworking/NSURLConnection
    - AFNetworking/Reachability
    - AFNetworking/Security
    - AFNetworking/Serialization
    - AutoCoding
    - BOAPI/Core
    - DPKit (~> 0.0.6)
    - DPObject
    - DPStorage
    - NSDictionary-Deserialize
    - NSObject+AutoDescription
    - NSObject-UserDefaults
  - BOAPI/Constants (0.0.1):
    - AFNetworking/NSURLConnection
    - AFNetworking/Reachability
    - AFNetworking/Security
    - AFNetworking/Serialization
    - AutoCoding
    - DPKit (~> 0.0.6)
    - DPObject
    - DPStorage
    - NSDictionary-Deserialize
    - NSObject+AutoDescription
    - NSObject-UserDefaults
  - BOAPI/Core (0.0.1):
    - AFNetworking/NSURLConnection
    - AFNetworking/Reachability
    - AFNetworking/Security
    - AFNetworking/Serialization
    - AutoCoding
    - BOAPI/Additions
    - BOAPI/Constants
    - DPKit (~> 0.0.6)
    - DPObject
    - DPStorage
    - NSDictionary-Deserialize
    - NSObject+AutoDescription
    - NSObject-UserDefaults
  - BOAPI/Operations (0.0.1):
    - AFNetworking/NSURLConnection
    - AFNetworking/Reachability
    - AFNetworking/Security
    - AFNetworking/Serialization
    - AutoCoding
    - BOAPI/Core
    - BOAPI/Operations/account
    - BOAPI/Operations/base
    - BOAPI/Operations/jobs
    - BOAPI/Operations/logs
    - BOAPI/Operations/tasks
    - DPKit (~> 0.0.6)
    - DPObject
    - DPStorage
    - NSDictionary-Deserialize
    - NSObject+AutoDescription
    - NSObject-UserDefaults
  - BOAPI/Operations/account (0.0.1):
    - AFNetworking/NSURLConnection
    - AFNetworking/Reachability
    - AFNetworking/Security
    - AFNetworking/Serialization
    - AutoCoding
    - BOAPI/Core
    - DPKit (~> 0.0.6)
    - DPObject
    - DPStorage
    - NSDictionary-Deserialize
    - NSObject+AutoDescription
    - NSObject-UserDefaults
  - BOAPI/Operations/base (0.0.1):
    - AFNetworking/NSURLConnection
    - AFNetworking/Reachability
    - AFNetworking/Security
    - AFNetworking/Serialization
    - AutoCoding
    - BOAPI/Core
    - DPKit (~> 0.0.6)
    - DPObject
    - DPStorage
    - NSDictionary-Deserialize
    - NSObject+AutoDescription
    - NSObject-UserDefaults
  - BOAPI/Operations/jobs (0.0.1):
    - AFNetworking/NSURLConnection
    - AFNetworking/Reachability
    - AFNetworking/Security
    - AFNetworking/Serialization
    - AutoCoding
    - BOAPI/Core
    - DPKit (~> 0.0.6)
    - DPObject
    - DPStorage
    - NSDictionary-Deserialize
    - NSObject+AutoDescription
    - NSObject-UserDefaults
  - BOAPI/Operations/logs (0.0.1):
    - AFNetworking/NSURLConnection
    - AFNetworking/Reachability
    - AFNetworking/Security
    - AFNetworking/Serialization
    - AutoCoding
    - BOAPI/Core
    - DPKit (~> 0.0.6)
    - DPObject
    - DPStorage
    - NSDictionary-Deserialize
    - NSObject+AutoDescription
    - NSObject-UserDefaults
  - BOAPI/Operations/tasks (0.0.1):
    - AFNetworking/NSURLConnection
    - AFNetworking/Reachability
    - AFNetworking/Security
    - AFNetworking/Serialization
    - AutoCoding
    - BOAPI/Core
    - DPKit (~> 0.0.6)
    - DPObject
    - DPStorage
    - NSDictionary-Deserialize
    - NSObject+AutoDescription
    - NSObject-UserDefaults
  - CALayer-DPUtils (0.1.5):
    - DPKit/Graphics
  - DPKit (0.0.19):
    - DPKit/Graphics
    - DPKit/iOS
    - DPKit/OS X
    - DPKit/Shared
  - DPKit/Graphics (0.0.19)
  - DPKit/OS X (0.0.19):
    - CALayer-DPUtils
    - DPKit/Graphics
    - DPKit/OS X/Cells
    - DPKit/OS X/Custom Views
    - DPKit/OS X/DPBasicOutlineView
    - DPKit/OS X/DPTimeInputTextField
    - DPKit/OS X/NSButton
    - DPKit/OS X/Utils
    - DPKit/OS X/Utils
    - DPKit/OS X/Value Transformers
    - DPKit/Shared
    - NSColor-BlendingUtils
    - NSView-DPFrameUtils
  - DPKit/OS X/Cells (0.0.19):
    - CALayer-DPUtils
    - DPKit/Graphics
    - DPKit/OS X/Cells/Cells-Core
    - DPKit/OS X/Cells/NSButtonCell
    - DPKit/OS X/Cells/NSComboBoxCell
    - DPKit/OS X/Cells/NSTextFieldCell
    - DPKit/OS X/Cells/NSTokenFieldCell
    - DPKit/OS X/Utils
    - DPKit/Shared
    - NSColor-BlendingUtils
    - NSView-DPFrameUtils
  - DPKit/OS X/Cells/Cells-Core (0.0.19):
    - CALayer-DPUtils
    - DPKit/Graphics
    - DPKit/OS X/Utils
    - DPKit/Shared
    - NSColor-BlendingUtils
    - NSView-DPFrameUtils
  - DPKit/OS X/Cells/NSButtonCell (0.0.19):
    - CALayer-DPUtils
    - DPKit/Graphics
    - DPKit/OS X/Cells/Cells-Core
    - DPKit/OS X/Utils
    - DPKit/Shared
    - NSColor-BlendingUtils
    - NSView-DPFrameUtils
  - DPKit/OS X/Cells/NSComboBoxCell (0.0.19):
    - CALayer-DPUtils
    - DPKit/Graphics
    - DPKit/OS X/Cells/Cells-Core
    - DPKit/OS X/Utils
    - DPKit/Shared
    - NSColor-BlendingUtils
    - NSView-DPFrameUtils
  - DPKit/OS X/Cells/NSTextFieldCell (0.0.19):
    - CALayer-DPUtils
    - DPKit/Graphics
    - DPKit/OS X/Cells/Cells-Core
    - DPKit/OS X/Utils
    - DPKit/Shared
    - NSColor-BlendingUtils
    - NSView-DPFrameUtils
  - DPKit/OS X/Cells/NSTokenFieldCell (0.0.19):
    - CALayer-DPUtils
    - DPKit/Graphics
    - DPKit/OS X/Cells/Cells-Core
    - DPKit/OS X/Utils
    - DPKit/Shared
    - NSColor-BlendingUtils
    - NSView-DPFrameUtils
  - DPKit/OS X/Custom Views (0.0.19):
    - CALayer-DPUtils
    - DPKit/Graphics
    - DPKit/OS X/Utils
    - DPKit/Shared
    - NSColor-BlendingUtils
    - NSView-DPFrameUtils
  - DPKit/OS X/DPBasicOutlineView (0.0.19):
    - CALayer-DPUtils
    - DPKit/Graphics
    - DPKit/OS X/Utils
    - DPKit/Shared
    - NSColor-BlendingUtils
    - NSView-DPFrameUtils
  - DPKit/OS X/DPTimeInputTextField (0.0.19):
    - CALayer-DPUtils
    - DPKit/Graphics
    - DPKit/OS X/Utils
    - DPKit/Shared
    - DPKit/Shared/Formatters
    - NSColor-BlendingUtils
    - NSView-DPFrameUtils
  - DPKit/OS X/NSButton (0.0.19):
    - CALayer-DPUtils
    - DPKit/Graphics
    - DPKit/OS X/Cells/NSButtonCell
    - DPKit/OS X/Utils
    - DPKit/Shared
    - NSColor-BlendingUtils
    - NSView-DPFrameUtils
  - DPKit/OS X/Utils (0.0.19):
    - CALayer-DPUtils
    - DPKit/Graphics
    - DPKit/OS X/Utils
    - DPKit/Shared
    - NSColor-BlendingUtils
    - NSView-DPFrameUtils
  - DPKit/OS X/Value Transformers (0.0.19):
    - CALayer-DPUtils
    - DPKit/Graphics
    - DPKit/OS X/Utils
    - DPKit/Shared
    - NSColor-BlendingUtils
    - NSView-DPFrameUtils
  - DPKit/Shared (0.0.19):
    - DPKit/Shared/Formatters
    - JMSimpleDate
    - NSView-DPAutolayout
    - NSView-NewConstraints
  - DPKit/Shared/Formatters (0.0.19):
    - JMSimpleDate
    - NSView-DPAutolayout
    - NSView-NewConstraints
  - DPObject (0.0.4):
    - DPKit
  - DPOutlineView (0.0.2):
    - DPKit
    - DPOutlineView/Additions
    - DPOutlineView/Core
    - DPOutlineView/Models
    - DPOutlineView/UI
    - NSView-DPFrameUtils
  - DPOutlineView/Additions (0.0.2):
    - DPKit
    - DPOutlineView/Core
    - NSView-DPFrameUtils
  - DPOutlineView/Core (0.0.2):
    - DPKit
    - DPOutlineView/Additions
    - DPOutlineView/Models
    - DPOutlineView/UI
    - NSView-DPFrameUtils
  - DPOutlineView/Models (0.0.2):
    - DPKit
    - DPOutlineView/UI
    - NSView-DPFrameUtils
  - DPOutlineView/UI (0.0.2):
    - DPKit
    - NSView-DPFrameUtils
  - DPStorage (0.0.6):
    - AutoCoding
    - DPKit
    - DPObject
    - NSObject+AutoDescription
  - DPWindow (0.0.2):
    - CALayer-DPUtils (~> 0.1.3)
    - NSColor-BlendingUtils
    - NSView-DPAutolayout
  - JMSimpleDate (0.0.5)
  - NSColor-BlendingUtils (0.0.2)
  - NSColor-Crayola (1.0)
  - NSDictionary-Deserialize (0.1.1)
  - NSObject+AutoDescription (0.1)
  - NSObject-UserDefaults (0.0.2)
  - NSView-DPAutolayout (0.0.13)
  - NSView-DPFrameUtils (0.0.1)
  - NSView-NewConstraints (0.0.3)
  - WDCountdownFormatter (0.0.1)

DEPENDENCIES:
  - BOAPI (from `~/Development/LocalPods/BOAPI`)
  - DPKit (from `~/Development/LocalPods/DPKit`)
  - DPObject (from `~/Development/LocalPods/DPObject`)
  - DPOutlineView (from `~/Development/LocalPods/Controls/DPOutlineView`)
  - DPStorage
  - DPStorage (from `~/Development/LocalPods/DPStorage`)
  - DPWindow (from `~/Development/LocalPods/DPWindow`)
  - NSColor-BlendingUtils
  - NSColor-Crayola (from `~/Development/LocalPods/Forked/NSColor-Crayola`)
  - NSObject+AutoDescription
  - NSView-DPFrameUtils
  - NSView-NewConstraints
  - WDCountdownFormatter

EXTERNAL SOURCES:
  BOAPI:
    :path: ~/Development/LocalPods/BOAPI
  DPKit:
    :path: ~/Development/LocalPods/DPKit
  DPObject:
    :path: ~/Development/LocalPods/DPObject
  DPOutlineView:
    :path: ~/Development/LocalPods/Controls/DPOutlineView
  DPStorage:
    :path: ~/Development/LocalPods/DPStorage
  DPWindow:
    :path: ~/Development/LocalPods/DPWindow
  NSColor-Crayola:
    :path: ~/Development/LocalPods/Forked/NSColor-Crayola

SPEC CHECKSUMS:
  AFNetworking: c7d7901a83f631414c7eda1737261f696101a5cd
  AutoCoding: 1cb0f7373249cefc73aa22cc3a7cc62ba4b886a7
  BOAPI: 2575540074448f0c245bffa202e3d16065ebb7d7
  CALayer-DPUtils: a9ebf7cf1193a4fe512c78af1b708f2197f9c92c
  DPKit: bf15f5091f6fddc18ed546eec73206f5d4587ed0
  DPObject: 7a359a94197c4cc881e51ff2d6fee90b787150ac
  DPOutlineView: 4e813898eb97b36762190fe3c268bc6fb0e922ab
  DPStorage: 72cd5c486d636d14e2bb4cee9a8d4e0d43806e18
  DPWindow: c51dbd23470aa19f1660f96f931060260ae51729
  JMSimpleDate: 28598b52a6f7cfbff3dfddcab0eac9a334b6a48a
  NSColor-BlendingUtils: ea681628f698c3c40586a87b518b6264efde5e9e
  NSColor-Crayola: 4ce6313cd2ab3170bfb0f0e0964b31ac9b680b9e
  NSDictionary-Deserialize: 3e0d0b95ed11381e4b70c86af96950b79e98d22d
  NSObject+AutoDescription: 95a585c85920551aed4ab18a5b96f62a572e0ef0
  NSObject-UserDefaults: c5e417375a0ae73c4019e514024664615df989d9
  NSView-DPAutolayout: 7a69fd0936dc48ef1d5aac22cfc7413c6e3301b8
  NSView-DPFrameUtils: eb60e9d64449f9420e12286412b95d39ac51c18b
  NSView-NewConstraints: ae1c4a6fa57413f4177a11ad039ebc89fa8b46c6
  WDCountdownFormatter: 6cdb0f88fac7d0f40200dc85b8811404dad09e14

COCOAPODS: 0.29.0
