PODS:
  - AFNetworking/NSURLConnection (2.2.0):
    - AFNetworking/Reachability
    - AFNetworking/Security
    - AFNetworking/Serialization
  - AFNetworking/Reachability (2.2.0)
  - AFNetworking/Security (2.2.0)
  - AFNetworking/Serialization (2.2.0)
  - AutoCoding (2.1)
  - AXStatusItemPopup (0.0.2)
  - BOAPI (0.0.3):
    - AFNetworking/NSURLConnection
    - AFNetworking/Reachability
    - AFNetworking/Security
    - AFNetworking/Serialization
    - AutoCoding
    - BOAPI/Additions
    - BOAPI/Constants
    - BOAPI/Core
    - BOAPI/Operations
    - DPKit (~> 0.0.6)
    - DPObject
    - DPStorage
    - NSDictionary-Deserialize
    - NSObject+AutoDescription
    - NSObject-UserDefaults
  - BOAPI/Additions (0.0.3):
    - AFNetworking/NSURLConnection
    - AFNetworking/Reachability
    - AFNetworking/Security
    - AFNetworking/Serialization
    - AutoCoding
    - BOAPI/Core
    - DPKit (~> 0.0.6)
    - DPObject
    - DPStorage
    - NSDictionary-Deserialize
    - NSObject+AutoDescription
    - NSObject-UserDefaults
  - BOAPI/Constants (0.0.3):
    - AFNetworking/NSURLConnection
    - AFNetworking/Reachability
    - AFNetworking/Security
    - AFNetworking/Serialization
    - AutoCoding
    - DPKit (~> 0.0.6)
    - DPObject
    - DPStorage
    - NSDictionary-Deserialize
    - NSObject+AutoDescription
    - NSObject-UserDefaults
  - BOAPI/Core (0.0.3):
    - AFNetworking/NSURLConnection
    - AFNetworking/Reachability
    - AFNetworking/Security
    - AFNetworking/Serialization
    - AutoCoding
    - BOAPI/Additions
    - BOAPI/Constants
    - BOAPI/Operations
    - DPKit (~> 0.0.6)
    - DPObject
    - DPStorage
    - NSDictionary-Deserialize
    - NSObject+AutoDescription
    - NSObject-UserDefaults
  - BOAPI/Operations (0.0.3):
    - AFNetworking/NSURLConnection
    - AFNetworking/Reachability
    - AFNetworking/Security
    - AFNetworking/Serialization
    - AutoCoding
    - BOAPI/Core
    - BOAPI/Operations/account
    - BOAPI/Operations/base
    - BOAPI/Operations/jobs
    - BOAPI/Operations/logs
    - BOAPI/Operations/tasks
    - DPKit (~> 0.0.6)
    - DPObject
    - DPStorage
    - NSDictionary-Deserialize
    - NSObject+AutoDescription
    - NSObject-UserDefaults
  - BOAPI/Operations/account (0.0.3):
    - AFNetworking/NSURLConnection
    - AFNetworking/Reachability
    - AFNetworking/Security
    - AFNetworking/Serialization
    - AutoCoding
    - BOAPI/Core
    - DPKit (~> 0.0.6)
    - DPObject
    - DPStorage
    - NSDictionary-Deserialize
    - NSObject+AutoDescription
    - NSObject-UserDefaults
  - BOAPI/Operations/base (0.0.3):
    - AFNetworking/NSURLConnection
    - AFNetworking/Reachability
    - AFNetworking/Security
    - AFNetworking/Serialization
    - AutoCoding
    - BOAPI/Core
    - DPKit (~> 0.0.6)
    - DPObject
    - DPStorage
    - NSDictionary-Deserialize
    - NSObject+AutoDescription
    - NSObject-UserDefaults
  - BOAPI/Operations/jobs (0.0.3):
    - AFNetworking/NSURLConnection
    - AFNetworking/Reachability
    - AFNetworking/Security
    - AFNetworking/Serialization
    - AutoCoding
    - BOAPI/Core
    - DPKit (~> 0.0.6)
    - DPObject
    - DPStorage
    - NSDictionary-Deserialize
    - NSObject+AutoDescription
    - NSObject-UserDefaults
  - BOAPI/Operations/logs (0.0.3):
    - AFNetworking/NSURLConnection
    - AFNetworking/Reachability
    - AFNetworking/Security
    - AFNetworking/Serialization
    - AutoCoding
    - BOAPI/Core
    - DPKit (~> 0.0.6)
    - DPObject
    - DPStorage
    - NSDictionary-Deserialize
    - NSObject+AutoDescription
    - NSObject-UserDefaults
  - BOAPI/Operations/tasks (0.0.3):
    - AFNetworking/NSURLConnection
    - AFNetworking/Reachability
    - AFNetworking/Security
    - AFNetworking/Serialization
    - AutoCoding
    - BOAPI/Core
    - DPKit (~> 0.0.6)
    - DPObject
    - DPStorage
    - NSDictionary-Deserialize
    - NSObject+AutoDescription
    - NSObject-UserDefaults
  - BOUI (0.0.1):
    - BOAPI
    - BOUI/Components
    - BOUI/Controllers
    - BOUI/Core
    - DPKit
    - DPOutlineView
    - NSColor-Crayola
  - BOUI/Components (0.0.1):
    - BOAPI
    - BOUI/Core
    - DPKit
    - DPOutlineView
    - NSColor-Crayola
  - BOUI/Controllers (0.0.1):
    - BOAPI
    - BOUI/Core
    - DPKit
    - DPOutlineView
    - NSColor-Crayola
  - BOUI/Core (0.0.1):
    - BOAPI
    - DPKit
    - DPOutlineView
    - NSColor-Crayola
  - CALayer-DPUtils (0.1.5):
    - DPKit/Graphics
  - DPKit (0.0.20):
    - DPKit/Graphics
    - DPKit/iOS
    - DPKit/OS X
    - DPKit/Shared
  - DPKit/Graphics (0.0.20)
  - DPKit/OS X (0.0.20):
    - CALayer-DPUtils
    - DPKit/Graphics
    - DPKit/OS X/Cells
    - DPKit/OS X/Custom Views
    - DPKit/OS X/DPBasicOutlineView
    - DPKit/OS X/DPTimeInputTextField
    - DPKit/OS X/NSButton
    - DPKit/OS X/Utils
    - DPKit/OS X/Utils
    - DPKit/OS X/Value Transformers
    - DPKit/Shared
    - NSColor-BlendingUtils
    - NSView-DPFrameUtils
  - DPKit/OS X/Cells (0.0.20):
    - CALayer-DPUtils
    - DPKit/Graphics
    - DPKit/OS X/Cells/Cells-Core
    - DPKit/OS X/Cells/NSButtonCell
    - DPKit/OS X/Cells/NSComboBoxCell
    - DPKit/OS X/Cells/NSTextFieldCell
    - DPKit/OS X/Cells/NSTokenFieldCell
    - DPKit/OS X/Utils
    - DPKit/Shared
    - NSColor-BlendingUtils
    - NSView-DPFrameUtils
  - DPKit/OS X/Cells/Cells-Core (0.0.20):
    - CALayer-DPUtils
    - DPKit/Graphics
    - DPKit/OS X/Utils
    - DPKit/Shared
    - NSColor-BlendingUtils
    - NSView-DPFrameUtils
  - DPKit/OS X/Cells/NSButtonCell (0.0.20):
    - CALayer-DPUtils
    - DPKit/Graphics
    - DPKit/OS X/Cells/Cells-Core
    - DPKit/OS X/Utils
    - DPKit/Shared
    - NSColor-BlendingUtils
    - NSView-DPFrameUtils
  - DPKit/OS X/Cells/NSComboBoxCell (0.0.20):
    - CALayer-DPUtils
    - DPKit/Graphics
    - DPKit/OS X/Cells/Cells-Core
    - DPKit/OS X/Utils
    - DPKit/Shared
    - NSColor-BlendingUtils
    - NSView-DPFrameUtils
  - DPKit/OS X/Cells/NSTextFieldCell (0.0.20):
    - CALayer-DPUtils
    - DPKit/Graphics
    - DPKit/OS X/Cells/Cells-Core
    - DPKit/OS X/Utils
    - DPKit/Shared
    - NSColor-BlendingUtils
    - NSView-DPFrameUtils
  - DPKit/OS X/Cells/NSTokenFieldCell (0.0.20):
    - CALayer-DPUtils
    - DPKit/Graphics
    - DPKit/OS X/Cells/Cells-Core
    - DPKit/OS X/Utils
    - DPKit/Shared
    - NSColor-BlendingUtils
    - NSView-DPFrameUtils
  - DPKit/OS X/Custom Views (0.0.20):
    - CALayer-DPUtils
    - DPKit/Graphics
    - DPKit/OS X/Utils
    - DPKit/Shared
    - NSColor-BlendingUtils
    - NSView-DPFrameUtils
  - DPKit/OS X/DPBasicOutlineView (0.0.20):
    - CALayer-DPUtils
    - DPKit/Graphics
    - DPKit/OS X/Utils
    - DPKit/Shared
    - NSColor-BlendingUtils
    - NSView-DPFrameUtils
  - DPKit/OS X/DPTimeInputTextField (0.0.20):
    - CALayer-DPUtils
    - DPKit/Graphics
    - DPKit/OS X/Utils
    - DPKit/Shared
    - DPKit/Shared/Formatters
    - NSColor-BlendingUtils
    - NSView-DPFrameUtils
  - DPKit/OS X/NSButton (0.0.20):
    - CALayer-DPUtils
    - DPKit/Graphics
    - DPKit/OS X/Cells/NSButtonCell
    - DPKit/OS X/Utils
    - DPKit/Shared
    - NSColor-BlendingUtils
    - NSView-DPFrameUtils
  - DPKit/OS X/Utils (0.0.20):
    - CALayer-DPUtils
    - DPKit/Graphics
    - DPKit/OS X/Utils
    - DPKit/Shared
    - NSColor-BlendingUtils
    - NSView-DPFrameUtils
  - DPKit/OS X/Value Transformers (0.0.20):
    - CALayer-DPUtils
    - DPKit/Graphics
    - DPKit/OS X/Utils
    - DPKit/Shared
    - NSColor-BlendingUtils
    - NSView-DPFrameUtils
  - DPKit/Shared (0.0.20):
    - DPKit/Shared/Formatters
    - JMSimpleDate
    - NSView-DPAutolayout
    - NSView-NewConstraints
  - DPKit/Shared/Formatters (0.0.20):
    - JMSimpleDate
    - NSView-DPAutolayout
    - NSView-NewConstraints
  - DPObject (0.0.4):
    - DPKit
  - DPOutlineView (0.0.3):
    - DPKit
    - DPOutlineView/Additions
    - DPOutlineView/Core
    - DPOutlineView/Models
    - DPOutlineView/UI
    - NSView-DPFrameUtils
  - DPOutlineView/Additions (0.0.3):
    - DPKit
    - DPOutlineView/Core
    - NSView-DPFrameUtils
  - DPOutlineView/Core (0.0.3):
    - DPKit
    - DPOutlineView/Additions
    - DPOutlineView/Models
    - DPOutlineView/UI
    - NSView-DPFrameUtils
  - DPOutlineView/Models (0.0.3):
    - DPKit
    - DPOutlineView/UI
    - NSView-DPFrameUtils
  - DPOutlineView/UI (0.0.3):
    - DPKit
    - DPOutlineView/Core
    - NSView-DPFrameUtils
  - DPStatusItemView (0.0.2):
    - DPKit
    - NSView-DPFrameUtils
  - DPStorage (0.0.8):
    - AutoCoding
    - DPKit
    - DPObject
    - NSObject+AutoDescription
  - DPTimer (0.0.2):
    - DPKit
    - DPTimer/Data Views
    - DPTimer/DPTimerTextField
    - NSColor-Crayola
    - NSDate-Extensions
    - NSView-DPFrameUtils
    - NSView-NewConstraints
  - DPTimer/Data Views (0.0.2):
    - DPKit
    - NSColor-Crayola
    - NSDate-Extensions
    - NSView-DPFrameUtils
    - NSView-NewConstraints
  - DPTimer/DPTimerTextField (0.0.2):
    - DPKit
    - NSColor-Crayola
    - NSDate-Extensions
    - NSView-DPFrameUtils
    - NSView-NewConstraints
  - DPWindow (0.0.2):
    - CALayer-DPUtils (~> 0.1.3)
    - NSColor-BlendingUtils
    - NSView-DPAutolayout
  - INAppStoreWindow (1.4)
  - JMSimpleDate (0.0.5)
  - NSColor-BlendingUtils (0.0.2)
  - NSColor-Crayola (1.0)
  - NSDate-Extensions (0.0.1)
  - NSDictionary-Deserialize (0.1.1)
  - NSObject+AutoDescription (0.1)
  - NSObject-UserDefaults (0.0.2)
  - NSView-DPAutolayout (0.0.13)
  - NSView-DPFrameUtils (0.0.1)
  - NSView-NewConstraints (0.0.4)
  - WDCountdownFormatter (0.0.1)

DEPENDENCIES:
  - AXStatusItemPopup
  - BOAPI (from `~/Development/LocalPods/BOAPI`)
  - BOUI (from `~/Development/LocalPods/BOUI`)
  - DPKit (from `~/Development/LocalPods/DPKit`)
  - DPObject (from `~/Development/LocalPods/DPObject`)
  - DPOutlineView (from `~/Development/LocalPods/Controls/DPOutlineView`)
  - DPStatusItemView (from `~/Development/LocalPods/DPStatusItemView`)
  - DPStorage
  - DPStorage (from `~/Development/LocalPods/DPStorage`)
  - DPTimer (from `~/Development/LocalPods/DPTimer`)
  - DPWindow (from `~/Development/LocalPods/DPWindow`)
  - INAppStoreWindow
  - NSColor-BlendingUtils
  - NSColor-Crayola (from `~/Development/LocalPods/Forked/NSColor-Crayola`)
  - NSDate-Extensions
  - NSObject+AutoDescription
  - NSView-DPFrameUtils
  - NSView-NewConstraints (from `~/Development/LocalPods/Utilities/NSView-NewConstraints`)
  - WDCountdownFormatter

EXTERNAL SOURCES:
  BOAPI:
    :path: ~/Development/LocalPods/BOAPI
  BOUI:
    :path: ~/Development/LocalPods/BOUI
  DPKit:
    :path: ~/Development/LocalPods/DPKit
  DPObject:
    :path: ~/Development/LocalPods/DPObject
  DPOutlineView:
    :path: ~/Development/LocalPods/Controls/DPOutlineView
  DPStatusItemView:
    :path: ~/Development/LocalPods/DPStatusItemView
  DPStorage:
    :path: ~/Development/LocalPods/DPStorage
  DPTimer:
    :path: ~/Development/LocalPods/DPTimer
  DPWindow:
    :path: ~/Development/LocalPods/DPWindow
  NSColor-Crayola:
    :path: ~/Development/LocalPods/Forked/NSColor-Crayola
  NSView-NewConstraints:
    :path: ~/Development/LocalPods/Utilities/NSView-NewConstraints

SPEC CHECKSUMS:
  AFNetworking: e8cfd8f3fe3bfe19124a0cc63f4d45752d892a56
  AutoCoding: 1cb0f7373249cefc73aa22cc3a7cc62ba4b886a7
  AXStatusItemPopup: 39d9a5e983919cad87962bd2be3076abed1afb10
  BOAPI: e64bd968116e7dd457d54ed2a3ea2824de2d8eb1
  BOUI: a01d3dcb545442f85b2daff508f09b356afec86f
  CALayer-DPUtils: a9ebf7cf1193a4fe512c78af1b708f2197f9c92c
  DPKit: 9e6d4b8f41a2f1f6eb66686812b9286dae9db775
  DPObject: 7a359a94197c4cc881e51ff2d6fee90b787150ac
  DPOutlineView: b54b6ef094668dc4bb317a7b444580611dd8f995
  DPStatusItemView: 310c515fdbb9bc50224f792875f3a09d644a0d18
  DPStorage: be2e30cba1a06f9e2f0d2cd472e5f337e5747caa
  DPTimer: 9bec9fc004a3f5ac42650aa28b8cd902739dc22d
  DPWindow: c51dbd23470aa19f1660f96f931060260ae51729
  INAppStoreWindow: 5a9eedcedc3ec95e7d8a12292de584b760d96c76
  JMSimpleDate: 28598b52a6f7cfbff3dfddcab0eac9a334b6a48a
  NSColor-BlendingUtils: ea681628f698c3c40586a87b518b6264efde5e9e
  NSColor-Crayola: 4ce6313cd2ab3170bfb0f0e0964b31ac9b680b9e
  NSDate-Extensions: 846a757f4bf8863823eba6f24d4fb6596b0ce7b6
  NSDictionary-Deserialize: 3e0d0b95ed11381e4b70c86af96950b79e98d22d
  NSObject+AutoDescription: 95a585c85920551aed4ab18a5b96f62a572e0ef0
  NSObject-UserDefaults: c5e417375a0ae73c4019e514024664615df989d9
  NSView-DPAutolayout: 7a69fd0936dc48ef1d5aac22cfc7413c6e3301b8
  NSView-DPFrameUtils: eb60e9d64449f9420e12286412b95d39ac51c18b
  NSView-NewConstraints: 598a810fa578f8249217fa0fab5722ad6f595fa0
  WDCountdownFormatter: 6cdb0f88fac7d0f40200dc85b8811404dad09e14

COCOAPODS: 0.29.0
