// !$*UTF8*$!
{
	archiveVersion = 1;
	classes = {
	};
	objectVersion = 46;
	objects = {

/* Begin PBXBuildFile section */
		330F2CA118C4D0D400DD6424 /* Counter2Window.xib in Resources */ = {isa = PBXBuildFile; fileRef = 330F2CA018C4D0D400DD6424 /* Counter2Window.xib */; };
		3352E93618C1187000BA3C86 /* ComponentsWindow.xib in Resources */ = {isa = PBXBuildFile; fileRef = 3352E91818C1187000BA3C86 /* ComponentsWindow.xib */; };
		3352E93718C1187000BA3C86 /* CounterWindow.xib in Resources */ = {isa = PBXBuildFile; fileRef = 3352E91918C1187000BA3C86 /* CounterWindow.xib */; };
		3352E93818C1187000BA3C86 /* CounterWindowController.m in Sources */ = {isa = PBXBuildFile; fileRef = 3352E91B18C1187000BA3C86 /* CounterWindowController.m */; };
		3352E93918C1187000BA3C86 /* EmptyWindow.xib in Resources */ = {isa = PBXBuildFile; fileRef = 3352E91C18C1187000BA3C86 /* EmptyWindow.xib */; };
		3352E93A18C1187000BA3C86 /* EmptyWindowController.m in Sources */ = {isa = PBXBuildFile; fileRef = 3352E91E18C1187000BA3C86 /* EmptyWindowController.m */; };
		3352E93B18C1187000BA3C86 /* LoginWindow.xib in Resources */ = {isa = PBXBuildFile; fileRef = 3352E91F18C1187000BA3C86 /* LoginWindow.xib */; };
		3352E93C18C1187000BA3C86 /* LoginWindowController.m in Sources */ = {isa = PBXBuildFile; fileRef = 3352E92118C1187000BA3C86 /* LoginWindowController.m */; };
		3352E93D18C1187000BA3C86 /* LogPadWindow.xib in Resources */ = {isa = PBXBuildFile; fileRef = 3352E92218C1187000BA3C86 /* LogPadWindow.xib */; };
		3352E93E18C1187000BA3C86 /* LogPadWindowController.m in Sources */ = {isa = PBXBuildFile; fileRef = 3352E92418C1187000BA3C86 /* LogPadWindowController.m */; };
		3352E93F18C1187000BA3C86 /* ProjectWindowController.m in Sources */ = {isa = PBXBuildFile; fileRef = 3352E92618C1187000BA3C86 /* ProjectWindowController.m */; };
		3352E94018C1187000BA3C86 /* StopwatchWindow.xib in Resources */ = {isa = PBXBuildFile; fileRef = 3352E92718C1187000BA3C86 /* StopwatchWindow.xib */; };
		3352E94118C1187000BA3C86 /* StopwatchWindowController.m in Sources */ = {isa = PBXBuildFile; fileRef = 3352E92918C1187000BA3C86 /* StopwatchWindowController.m */; };
		3352E94218C1187000BA3C86 /* StreamWindow.xib in Resources */ = {isa = PBXBuildFile; fileRef = 3352E92A18C1187000BA3C86 /* StreamWindow.xib */; };
		3352E94318C1187000BA3C86 /* StreamWindowController.m in Sources */ = {isa = PBXBuildFile; fileRef = 3352E92C18C1187000BA3C86 /* StreamWindowController.m */; };
		3352E94418C1187000BA3C86 /* TableWindow.xib in Resources */ = {isa = PBXBuildFile; fileRef = 3352E92D18C1187000BA3C86 /* TableWindow.xib */; };
		3352E94518C1187000BA3C86 /* TableWindowController.m in Sources */ = {isa = PBXBuildFile; fileRef = 3352E92F18C1187000BA3C86 /* TableWindowController.m */; };
		3352E94618C1187000BA3C86 /* TextViewWindow.xib in Resources */ = {isa = PBXBuildFile; fileRef = 3352E93018C1187000BA3C86 /* TextViewWindow.xib */; };
		3352E94718C1187000BA3C86 /* TextViewWindowController.m in Sources */ = {isa = PBXBuildFile; fileRef = 3352E93218C1187000BA3C86 /* TextViewWindowController.m */; };
		3352E94818C1187000BA3C86 /* TreeWindow.xib in Resources */ = {isa = PBXBuildFile; fileRef = 3352E93318C1187000BA3C86 /* TreeWindow.xib */; };
		3352E94918C1187000BA3C86 /* TreeWindowController.m in Sources */ = {isa = PBXBuildFile; fileRef = 3352E93518C1187000BA3C86 /* TreeWindowController.m */; };
		3352E94B18C1486400BA3C86 /* DataWindow.xib in Resources */ = {isa = PBXBuildFile; fileRef = 3352E94A18C1486400BA3C86 /* DataWindow.xib */; };
		336A3C3D189B03CD0098C979 /* LogsController.m in Sources */ = {isa = PBXBuildFile; fileRef = 336A3C3C189B03CD0098C979 /* LogsController.m */; };
		336A3C47189BE0D80098C979 /* SPViewController.m in Sources */ = {isa = PBXBuildFile; fileRef = 336A3C44189BE0D80098C979 /* SPViewController.m */; };
		336A3C48189BE0D80098C979 /* BaseWindowController.m in Sources */ = {isa = PBXBuildFile; fileRef = 336A3C46189BE0D80098C979 /* BaseWindowController.m */; };
		3376002718994CD300BE82F4 /* DPObject.m in Sources */ = {isa = PBXBuildFile; fileRef = 3376002418994CD300BE82F4 /* DPObject.m */; };
		3376002818994CD300BE82F4 /* TimeLog.m in Sources */ = {isa = PBXBuildFile; fileRef = 3376002618994CD300BE82F4 /* TimeLog.m */; };
		3386354518C5022A0059AB65 /* MainWindow.xib in Resources */ = {isa = PBXBuildFile; fileRef = 3386354418C5022A0059AB65 /* MainWindow.xib */; };
		33B32D6D1898436F002E2FC2 /* Cocoa.framework in Frameworks */ = {isa = PBXBuildFile; fileRef = 33B32D6C1898436F002E2FC2 /* Cocoa.framework */; };
		33B32D771898436F002E2FC2 /* InfoPlist.strings in Resources */ = {isa = PBXBuildFile; fileRef = 33B32D751898436F002E2FC2 /* InfoPlist.strings */; };
		33B32D791898436F002E2FC2 /* main.m in Sources */ = {isa = PBXBuildFile; fileRef = 33B32D781898436F002E2FC2 /* main.m */; };
		33B32D7D1898436F002E2FC2 /* Credits.rtf in Resources */ = {isa = PBXBuildFile; fileRef = 33B32D7B1898436F002E2FC2 /* Credits.rtf */; };
		33B32D801898436F002E2FC2 /* AppDelegate.m in Sources */ = {isa = PBXBuildFile; fileRef = 33B32D7F1898436F002E2FC2 /* AppDelegate.m */; };
		33B32D831898436F002E2FC2 /* MainMenu.xib in Resources */ = {isa = PBXBuildFile; fileRef = 33B32D811898436F002E2FC2 /* MainMenu.xib */; };
		33B32D851898436F002E2FC2 /* Images.xcassets in Resources */ = {isa = PBXBuildFile; fileRef = 33B32D841898436F002E2FC2 /* Images.xcassets */; };
		33B32D8C1898436F002E2FC2 /* XCTest.framework in Frameworks */ = {isa = PBXBuildFile; fileRef = 33B32D8B1898436F002E2FC2 /* XCTest.framework */; };
		33B32D8D1898436F002E2FC2 /* Cocoa.framework in Frameworks */ = {isa = PBXBuildFile; fileRef = 33B32D6C1898436F002E2FC2 /* Cocoa.framework */; };
		33B32D951898436F002E2FC2 /* InfoPlist.strings in Resources */ = {isa = PBXBuildFile; fileRef = 33B32D931898436F002E2FC2 /* InfoPlist.strings */; };
		33B32D971898436F002E2FC2 /* StopwatchTests.m in Sources */ = {isa = PBXBuildFile; fileRef = 33B32D961898436F002E2FC2 /* StopwatchTests.m */; };
		33B8AAB4189C7A8000786C7A /* LogDetailsController.xib in Resources */ = {isa = PBXBuildFile; fileRef = 33B8AAB3189C7A8000786C7A /* LogDetailsController.xib */; };
		BF8D13A20EE34D78A3AACE62 /* libPods.a in Frameworks */ = {isa = PBXBuildFile; fileRef = A482A3748F8D4846A1CEFE3B /* libPods.a */; };
		F29B80D38BF58870062344B7 /* MainWindowController.m in Sources */ = {isa = PBXBuildFile; fileRef = F29B8849D1536BE6F26E129B /* MainWindowController.m */; };
		F29B818EA97B95EDFD4F3205 /* LoginController.m in Sources */ = {isa = PBXBuildFile; fileRef = F29B81F3AAB73EDDD629E0DC /* LoginController.m */; };
		F29B81B7C48FCECC3A33F7A3 /* BOOutlineViewItem.m in Sources */ = {isa = PBXBuildFile; fileRef = F29B865958179F7601217420 /* BOOutlineViewItem.m */; };
		F29B83B95027DE0ADA8C81B9 /* Model.m in Sources */ = {isa = PBXBuildFile; fileRef = F29B8E19A6E829AC78FDF076 /* Model.m */; };
		F29B856CD1D4467A71F2B2C5 /* LogDetailsController.m in Sources */ = {isa = PBXBuildFile; fileRef = F29B800057A0AD7F88365E2C /* LogDetailsController.m */; };
		F29B85DCF22FD7A38BEFE5A0 /* DataWindowController.m in Sources */ = {isa = PBXBuildFile; fileRef = F29B8E1874F931515475B302 /* DataWindowController.m */; };
		F29B85EF320D28EBDA589FFB /* DPLabeledTextField.m in Sources */ = {isa = PBXBuildFile; fileRef = F29B8A246CF81701762D77A0 /* DPLabeledTextField.m */; };
		F29B89989C5A5DB1ED614A49 /* Counter2WindowController.m in Sources */ = {isa = PBXBuildFile; fileRef = F29B85AEAFF11267FA7F042D /* Counter2WindowController.m */; };
		F29B8AE4A10A11806E76848B /* DPShadowView.m in Sources */ = {isa = PBXBuildFile; fileRef = F29B84D723A5FC80C06476E0 /* DPShadowView.m */; };
		F29B8BDE8E62C84FFB592C69 /* DPIntervalTextField.m in Sources */ = {isa = PBXBuildFile; fileRef = F29B8B377FC13EC53132673D /* DPIntervalTextField.m */; };
		F29B8C0ECA5C2116B7FD880B /* NSView+TMUtils.m in Sources */ = {isa = PBXBuildFile; fileRef = F29B856388B570778DC6D866 /* NSView+TMUtils.m */; };
		F29B8F0C0F351B8AFABBE0A6 /* ComponentsWindowController.m in Sources */ = {isa = PBXBuildFile; fileRef = F29B81EABF673848F8A403D6 /* ComponentsWindowController.m */; };
		F29B8FEC286E82E098A1FCDB /* RedButton.m in Sources */ = {isa = PBXBuildFile; fileRef = F29B8CC33C9BBC60A70CA4A7 /* RedButton.m */; };
/* End PBXBuildFile section */

/* Begin PBXContainerItemProxy section */
		33B32D8E1898436F002E2FC2 /* PBXContainerItemProxy */ = {
			isa = PBXContainerItemProxy;
			containerPortal = 33B32D611898436F002E2FC2 /* Project object */;
			proxyType = 1;
			remoteGlobalIDString = 33B32D681898436F002E2FC2;
			remoteInfo = Stopwatch;
		};
/* End PBXContainerItemProxy section */

/* Begin PBXFileReference section */
		330F2CA018C4D0D400DD6424 /* Counter2Window.xib */ = {isa = PBXFileReference; fileEncoding = 4; lastKnownFileType = file.xib; path = Counter2Window.xib; sourceTree = "<group>"; };
		3352E91818C1187000BA3C86 /* ComponentsWindow.xib */ = {isa = PBXFileReference; fileEncoding = 4; lastKnownFileType = file.xib; path = ComponentsWindow.xib; sourceTree = "<group>"; };
		3352E91918C1187000BA3C86 /* CounterWindow.xib */ = {isa = PBXFileReference; fileEncoding = 4; lastKnownFileType = file.xib; path = CounterWindow.xib; sourceTree = "<group>"; };
		3352E91A18C1187000BA3C86 /* CounterWindowController.h */ = {isa = PBXFileReference; fileEncoding = 4; lastKnownFileType = sourcecode.c.h; path = CounterWindowController.h; sourceTree = "<group>"; };
		3352E91B18C1187000BA3C86 /* CounterWindowController.m */ = {isa = PBXFileReference; fileEncoding = 4; lastKnownFileType = sourcecode.c.objc; path = CounterWindowController.m; sourceTree = "<group>"; };
		3352E91C18C1187000BA3C86 /* EmptyWindow.xib */ = {isa = PBXFileReference; fileEncoding = 4; lastKnownFileType = file.xib; path = EmptyWindow.xib; sourceTree = "<group>"; };
		3352E91D18C1187000BA3C86 /* EmptyWindowController.h */ = {isa = PBXFileReference; fileEncoding = 4; lastKnownFileType = sourcecode.c.h; path = EmptyWindowController.h; sourceTree = "<group>"; };
		3352E91E18C1187000BA3C86 /* EmptyWindowController.m */ = {isa = PBXFileReference; fileEncoding = 4; lastKnownFileType = sourcecode.c.objc; path = EmptyWindowController.m; sourceTree = "<group>"; };
		3352E91F18C1187000BA3C86 /* LoginWindow.xib */ = {isa = PBXFileReference; fileEncoding = 4; lastKnownFileType = file.xib; path = LoginWindow.xib; sourceTree = "<group>"; };
		3352E92018C1187000BA3C86 /* LoginWindowController.h */ = {isa = PBXFileReference; fileEncoding = 4; lastKnownFileType = sourcecode.c.h; path = LoginWindowController.h; sourceTree = "<group>"; };
		3352E92118C1187000BA3C86 /* LoginWindowController.m */ = {isa = PBXFileReference; fileEncoding = 4; lastKnownFileType = sourcecode.c.objc; path = LoginWindowController.m; sourceTree = "<group>"; };
		3352E92218C1187000BA3C86 /* LogPadWindow.xib */ = {isa = PBXFileReference; fileEncoding = 4; lastKnownFileType = file.xib; path = LogPadWindow.xib; sourceTree = "<group>"; };
		3352E92318C1187000BA3C86 /* LogPadWindowController.h */ = {isa = PBXFileReference; fileEncoding = 4; lastKnownFileType = sourcecode.c.h; path = LogPadWindowController.h; sourceTree = "<group>"; };
		3352E92418C1187000BA3C86 /* LogPadWindowController.m */ = {isa = PBXFileReference; fileEncoding = 4; lastKnownFileType = sourcecode.c.objc; path = LogPadWindowController.m; sourceTree = "<group>"; };
		3352E92518C1187000BA3C86 /* ProjectWindowController.h */ = {isa = PBXFileReference; fileEncoding = 4; lastKnownFileType = sourcecode.c.h; path = ProjectWindowController.h; sourceTree = "<group>"; };
		3352E92618C1187000BA3C86 /* ProjectWindowController.m */ = {isa = PBXFileReference; fileEncoding = 4; lastKnownFileType = sourcecode.c.objc; path = ProjectWindowController.m; sourceTree = "<group>"; };
		3352E92718C1187000BA3C86 /* StopwatchWindow.xib */ = {isa = PBXFileReference; fileEncoding = 4; lastKnownFileType = file.xib; path = StopwatchWindow.xib; sourceTree = "<group>"; };
		3352E92818C1187000BA3C86 /* StopwatchWindowController.h */ = {isa = PBXFileReference; fileEncoding = 4; lastKnownFileType = sourcecode.c.h; path = StopwatchWindowController.h; sourceTree = "<group>"; };
		3352E92918C1187000BA3C86 /* StopwatchWindowController.m */ = {isa = PBXFileReference; fileEncoding = 4; lastKnownFileType = sourcecode.c.objc; path = StopwatchWindowController.m; sourceTree = "<group>"; };
		3352E92A18C1187000BA3C86 /* StreamWindow.xib */ = {isa = PBXFileReference; fileEncoding = 4; lastKnownFileType = file.xib; path = StreamWindow.xib; sourceTree = "<group>"; };
		3352E92B18C1187000BA3C86 /* StreamWindowController.h */ = {isa = PBXFileReference; fileEncoding = 4; lastKnownFileType = sourcecode.c.h; path = StreamWindowController.h; sourceTree = "<group>"; };
		3352E92C18C1187000BA3C86 /* StreamWindowController.m */ = {isa = PBXFileReference; fileEncoding = 4; lastKnownFileType = sourcecode.c.objc; path = StreamWindowController.m; sourceTree = "<group>"; };
		3352E92D18C1187000BA3C86 /* TableWindow.xib */ = {isa = PBXFileReference; fileEncoding = 4; lastKnownFileType = file.xib; path = TableWindow.xib; sourceTree = "<group>"; };
		3352E92E18C1187000BA3C86 /* TableWindowController.h */ = {isa = PBXFileReference; fileEncoding = 4; lastKnownFileType = sourcecode.c.h; path = TableWindowController.h; sourceTree = "<group>"; };
		3352E92F18C1187000BA3C86 /* TableWindowController.m */ = {isa = PBXFileReference; fileEncoding = 4; lastKnownFileType = sourcecode.c.objc; path = TableWindowController.m; sourceTree = "<group>"; };
		3352E93018C1187000BA3C86 /* TextViewWindow.xib */ = {isa = PBXFileReference; fileEncoding = 4; lastKnownFileType = file.xib; path = TextViewWindow.xib; sourceTree = "<group>"; };
		3352E93118C1187000BA3C86 /* TextViewWindowController.h */ = {isa = PBXFileReference; fileEncoding = 4; lastKnownFileType = sourcecode.c.h; path = TextViewWindowController.h; sourceTree = "<group>"; };
		3352E93218C1187000BA3C86 /* TextViewWindowController.m */ = {isa = PBXFileReference; fileEncoding = 4; lastKnownFileType = sourcecode.c.objc; path = TextViewWindowController.m; sourceTree = "<group>"; };
		3352E93318C1187000BA3C86 /* TreeWindow.xib */ = {isa = PBXFileReference; fileEncoding = 4; lastKnownFileType = file.xib; path = TreeWindow.xib; sourceTree = "<group>"; };
		3352E93418C1187000BA3C86 /* TreeWindowController.h */ = {isa = PBXFileReference; fileEncoding = 4; lastKnownFileType = sourcecode.c.h; path = TreeWindowController.h; sourceTree = "<group>"; };
		3352E93518C1187000BA3C86 /* TreeWindowController.m */ = {isa = PBXFileReference; fileEncoding = 4; lastKnownFileType = sourcecode.c.objc; path = TreeWindowController.m; sourceTree = "<group>"; };
		3352E94A18C1486400BA3C86 /* DataWindow.xib */ = {isa = PBXFileReference; fileEncoding = 4; lastKnownFileType = file.xib; path = DataWindow.xib; sourceTree = "<group>"; };
		336A3C3B189B03CD0098C979 /* LogsController.h */ = {isa = PBXFileReference; fileEncoding = 4; lastKnownFileType = sourcecode.c.h; name = LogsController.h; path = Controllers/LogsController.h; sourceTree = SOURCE_ROOT; };
		336A3C3C189B03CD0098C979 /* LogsController.m */ = {isa = PBXFileReference; fileEncoding = 4; lastKnownFileType = sourcecode.c.objc; name = LogsController.m; path = Controllers/LogsController.m; sourceTree = SOURCE_ROOT; };
		336A3C43189BE0D80098C979 /* SPViewController.h */ = {isa = PBXFileReference; fileEncoding = 4; lastKnownFileType = sourcecode.c.h; path = SPViewController.h; sourceTree = "<group>"; };
		336A3C44189BE0D80098C979 /* SPViewController.m */ = {isa = PBXFileReference; fileEncoding = 4; lastKnownFileType = sourcecode.c.objc; path = SPViewController.m; sourceTree = "<group>"; };
		336A3C45189BE0D80098C979 /* BaseWindowController.h */ = {isa = PBXFileReference; fileEncoding = 4; lastKnownFileType = sourcecode.c.h; path = BaseWindowController.h; sourceTree = "<group>"; };
		336A3C46189BE0D80098C979 /* BaseWindowController.m */ = {isa = PBXFileReference; fileEncoding = 4; lastKnownFileType = sourcecode.c.objc; path = BaseWindowController.m; sourceTree = "<group>"; };
		3376002318994CD300BE82F4 /* DPObject.h */ = {isa = PBXFileReference; fileEncoding = 4; lastKnownFileType = sourcecode.c.h; path = DPObject.h; sourceTree = "<group>"; };
		3376002418994CD300BE82F4 /* DPObject.m */ = {isa = PBXFileReference; fileEncoding = 4; lastKnownFileType = sourcecode.c.objc; path = DPObject.m; sourceTree = "<group>"; };
		3376002518994CD300BE82F4 /* TimeLog.h */ = {isa = PBXFileReference; fileEncoding = 4; lastKnownFileType = sourcecode.c.h; path = TimeLog.h; sourceTree = "<group>"; };
		3376002618994CD300BE82F4 /* TimeLog.m */ = {isa = PBXFileReference; fileEncoding = 4; lastKnownFileType = sourcecode.c.objc; path = TimeLog.m; sourceTree = "<group>"; };
		3386354418C5022A0059AB65 /* MainWindow.xib */ = {isa = PBXFileReference; fileEncoding = 4; lastKnownFileType = file.xib; path = MainWindow.xib; sourceTree = "<group>"; };
		33B32D691898436F002E2FC2 /* Stopwatch.app */ = {isa = PBXFileReference; explicitFileType = wrapper.application; includeInIndex = 0; path = Stopwatch.app; sourceTree = BUILT_PRODUCTS_DIR; };
		33B32D6C1898436F002E2FC2 /* Cocoa.framework */ = {isa = PBXFileReference; lastKnownFileType = wrapper.framework; name = Cocoa.framework; path = System/Library/Frameworks/Cocoa.framework; sourceTree = SDKROOT; };
		33B32D6F1898436F002E2FC2 /* AppKit.framework */ = {isa = PBXFileReference; lastKnownFileType = wrapper.framework; name = AppKit.framework; path = System/Library/Frameworks/AppKit.framework; sourceTree = SDKROOT; };
		33B32D701898436F002E2FC2 /* CoreData.framework */ = {isa = PBXFileReference; lastKnownFileType = wrapper.framework; name = CoreData.framework; path = System/Library/Frameworks/CoreData.framework; sourceTree = SDKROOT; };
		33B32D711898436F002E2FC2 /* Foundation.framework */ = {isa = PBXFileReference; lastKnownFileType = wrapper.framework; name = Foundation.framework; path = System/Library/Frameworks/Foundation.framework; sourceTree = SDKROOT; };
		33B32D741898436F002E2FC2 /* Stopwatch-Info.plist */ = {isa = PBXFileReference; lastKnownFileType = text.plist.xml; path = "Stopwatch-Info.plist"; sourceTree = "<group>"; };
		33B32D761898436F002E2FC2 /* en */ = {isa = PBXFileReference; lastKnownFileType = text.plist.strings; name = en; path = en.lproj/InfoPlist.strings; sourceTree = "<group>"; };
		33B32D781898436F002E2FC2 /* main.m */ = {isa = PBXFileReference; lastKnownFileType = sourcecode.c.objc; path = main.m; sourceTree = "<group>"; };
		33B32D7A1898436F002E2FC2 /* Stopwatch-Prefix.pch */ = {isa = PBXFileReference; lastKnownFileType = sourcecode.c.h; path = "Stopwatch-Prefix.pch"; sourceTree = "<group>"; };
		33B32D7C1898436F002E2FC2 /* en */ = {isa = PBXFileReference; lastKnownFileType = text.rtf; name = en; path = en.lproj/Credits.rtf; sourceTree = "<group>"; };
		33B32D7E1898436F002E2FC2 /* AppDelegate.h */ = {isa = PBXFileReference; lastKnownFileType = sourcecode.c.h; path = AppDelegate.h; sourceTree = "<group>"; };
		33B32D7F1898436F002E2FC2 /* AppDelegate.m */ = {isa = PBXFileReference; lastKnownFileType = sourcecode.c.objc; path = AppDelegate.m; sourceTree = "<group>"; };
		33B32D821898436F002E2FC2 /* Base */ = {isa = PBXFileReference; lastKnownFileType = file.xib; name = Base; path = Base.lproj/MainMenu.xib; sourceTree = "<group>"; };
		33B32D841898436F002E2FC2 /* Images.xcassets */ = {isa = PBXFileReference; lastKnownFileType = folder.assetcatalog; path = Images.xcassets; sourceTree = "<group>"; };
		33B32D8A1898436F002E2FC2 /* StopwatchTests.xctest */ = {isa = PBXFileReference; explicitFileType = wrapper.cfbundle; includeInIndex = 0; path = StopwatchTests.xctest; sourceTree = BUILT_PRODUCTS_DIR; };
		33B32D8B1898436F002E2FC2 /* XCTest.framework */ = {isa = PBXFileReference; lastKnownFileType = wrapper.framework; name = XCTest.framework; path = Library/Frameworks/XCTest.framework; sourceTree = DEVELOPER_DIR; };
		33B32D921898436F002E2FC2 /* StopwatchTests-Info.plist */ = {isa = PBXFileReference; lastKnownFileType = text.plist.xml; path = "StopwatchTests-Info.plist"; sourceTree = "<group>"; };
		33B32D941898436F002E2FC2 /* en */ = {isa = PBXFileReference; lastKnownFileType = text.plist.strings; name = en; path = en.lproj/InfoPlist.strings; sourceTree = "<group>"; };
		33B32D961898436F002E2FC2 /* StopwatchTests.m */ = {isa = PBXFileReference; lastKnownFileType = sourcecode.c.objc; path = StopwatchTests.m; sourceTree = "<group>"; };
		33B8AAB3189C7A8000786C7A /* LogDetailsController.xib */ = {isa = PBXFileReference; fileEncoding = 4; lastKnownFileType = file.xib; path = LogDetailsController.xib; sourceTree = "<group>"; };
		812DCD75301A43809FBC4726 /* Pods.xcconfig */ = {isa = PBXFileReference; includeInIndex = 1; lastKnownFileType = text.xcconfig; name = Pods.xcconfig; path = Pods/Pods.xcconfig; sourceTree = "<group>"; };
		A482A3748F8D4846A1CEFE3B /* libPods.a */ = {isa = PBXFileReference; explicitFileType = archive.ar; includeInIndex = 0; path = libPods.a; sourceTree = BUILT_PRODUCTS_DIR; };
		F29B800057A0AD7F88365E2C /* LogDetailsController.m */ = {isa = PBXFileReference; fileEncoding = 4; lastKnownFileType = sourcecode.c.objc; path = LogDetailsController.m; sourceTree = "<group>"; };
		F29B80573401D2508544DDA1 /* NSView+TMUtils.h */ = {isa = PBXFileReference; fileEncoding = 4; lastKnownFileType = sourcecode.c.h; path = "NSView+TMUtils.h"; sourceTree = "<group>"; };
		F29B81EABF673848F8A403D6 /* ComponentsWindowController.m */ = {isa = PBXFileReference; fileEncoding = 4; lastKnownFileType = sourcecode.c.objc; path = ComponentsWindowController.m; sourceTree = "<group>"; };
		F29B81F3AAB73EDDD629E0DC /* LoginController.m */ = {isa = PBXFileReference; fileEncoding = 4; lastKnownFileType = sourcecode.c.objc; path = LoginController.m; sourceTree = "<group>"; };
		F29B82282425F7BE56BFB76C /* Model.h */ = {isa = PBXFileReference; fileEncoding = 4; lastKnownFileType = sourcecode.c.h; path = Model.h; sourceTree = "<group>"; };
		F29B82303777C883AAFFE7E5 /* LoginController.h */ = {isa = PBXFileReference; fileEncoding = 4; lastKnownFileType = sourcecode.c.h; path = LoginController.h; sourceTree = "<group>"; };
		F29B8264ADEEA211FD82429F /* LogDetailsController.h */ = {isa = PBXFileReference; fileEncoding = 4; lastKnownFileType = sourcecode.c.h; path = LogDetailsController.h; sourceTree = "<group>"; };
		F29B842EC72B2B672BAFE836 /* RedButton.h */ = {isa = PBXFileReference; fileEncoding = 4; lastKnownFileType = sourcecode.c.h; path = RedButton.h; sourceTree = "<group>"; };
		F29B84D723A5FC80C06476E0 /* DPShadowView.m */ = {isa = PBXFileReference; fileEncoding = 4; lastKnownFileType = sourcecode.c.objc; path = DPShadowView.m; sourceTree = "<group>"; };
		F29B856388B570778DC6D866 /* NSView+TMUtils.m */ = {isa = PBXFileReference; fileEncoding = 4; lastKnownFileType = sourcecode.c.objc; path = "NSView+TMUtils.m"; sourceTree = "<group>"; };
		F29B85AEAFF11267FA7F042D /* Counter2WindowController.m */ = {isa = PBXFileReference; fileEncoding = 4; lastKnownFileType = sourcecode.c.objc; path = Counter2WindowController.m; sourceTree = "<group>"; };
		F29B864D30E0DD31CFB78EE9 /* ModelDelegate.h */ = {isa = PBXFileReference; fileEncoding = 4; lastKnownFileType = sourcecode.c.h; path = ModelDelegate.h; sourceTree = "<group>"; };
		F29B865958179F7601217420 /* BOOutlineViewItem.m */ = {isa = PBXFileReference; fileEncoding = 4; lastKnownFileType = sourcecode.c.objc; path = BOOutlineViewItem.m; sourceTree = "<group>"; };
		F29B87A83D9239FA1CB7F927 /* DPLabeledTextField.h */ = {isa = PBXFileReference; fileEncoding = 4; lastKnownFileType = sourcecode.c.h; path = DPLabeledTextField.h; sourceTree = "<group>"; };
		F29B87B89901DB43C7504241 /* Counter2WindowController.h */ = {isa = PBXFileReference; fileEncoding = 4; lastKnownFileType = sourcecode.c.h; path = Counter2WindowController.h; sourceTree = "<group>"; };
		F29B8849D1536BE6F26E129B /* MainWindowController.m */ = {isa = PBXFileReference; fileEncoding = 4; lastKnownFileType = sourcecode.c.objc; path = MainWindowController.m; sourceTree = "<group>"; };
		F29B8A1219A7CD6B1C3790F8 /* DataWindowController.h */ = {isa = PBXFileReference; fileEncoding = 4; lastKnownFileType = sourcecode.c.h; path = DataWindowController.h; sourceTree = "<group>"; };
		F29B8A246CF81701762D77A0 /* DPLabeledTextField.m */ = {isa = PBXFileReference; fileEncoding = 4; lastKnownFileType = sourcecode.c.objc; path = DPLabeledTextField.m; sourceTree = "<group>"; };
		F29B8A5860DD3057CAE318A0 /* DPIntervalTextField.h */ = {isa = PBXFileReference; fileEncoding = 4; lastKnownFileType = sourcecode.c.h; path = DPIntervalTextField.h; sourceTree = "<group>"; };
		F29B8A7F77C18D7D4A56ADED /* BOOutlineViewItem.h */ = {isa = PBXFileReference; fileEncoding = 4; lastKnownFileType = sourcecode.c.h; path = BOOutlineViewItem.h; sourceTree = "<group>"; };
		F29B8B377FC13EC53132673D /* DPIntervalTextField.m */ = {isa = PBXFileReference; fileEncoding = 4; lastKnownFileType = sourcecode.c.objc; path = DPIntervalTextField.m; sourceTree = "<group>"; };
		F29B8C7642A240036BB44F87 /* DPShadowView.h */ = {isa = PBXFileReference; fileEncoding = 4; lastKnownFileType = sourcecode.c.h; path = DPShadowView.h; sourceTree = "<group>"; };
		F29B8CC33C9BBC60A70CA4A7 /* RedButton.m */ = {isa = PBXFileReference; fileEncoding = 4; lastKnownFileType = sourcecode.c.objc; path = RedButton.m; sourceTree = "<group>"; };
		F29B8D87D7CFE708D4AA2DDE /* MainWindowController.h */ = {isa = PBXFileReference; fileEncoding = 4; lastKnownFileType = sourcecode.c.h; path = MainWindowController.h; sourceTree = "<group>"; };
		F29B8D96240CC6D036835831 /* ComponentsWindowController.h */ = {isa = PBXFileReference; fileEncoding = 4; lastKnownFileType = sourcecode.c.h; path = ComponentsWindowController.h; sourceTree = "<group>"; };
		F29B8E1874F931515475B302 /* DataWindowController.m */ = {isa = PBXFileReference; fileEncoding = 4; lastKnownFileType = sourcecode.c.objc; path = DataWindowController.m; sourceTree = "<group>"; };
		F29B8E19A6E829AC78FDF076 /* Model.m */ = {isa = PBXFileReference; fileEncoding = 4; lastKnownFileType = sourcecode.c.objc; path = Model.m; sourceTree = "<group>"; };
/* End PBXFileReference section */

/* Begin PBXFrameworksBuildPhase section */
		33B32D661898436F002E2FC2 /* Frameworks */ = {
			isa = PBXFrameworksBuildPhase;
			buildActionMask = 2147483647;
			files = (
				33B32D6D1898436F002E2FC2 /* Cocoa.framework in Frameworks */,
				BF8D13A20EE34D78A3AACE62 /* libPods.a in Frameworks */,
			);
			runOnlyForDeploymentPostprocessing = 0;
		};
		33B32D871898436F002E2FC2 /* Frameworks */ = {
			isa = PBXFrameworksBuildPhase;
			buildActionMask = 2147483647;
			files = (
				33B32D8D1898436F002E2FC2 /* Cocoa.framework in Frameworks */,
				33B32D8C1898436F002E2FC2 /* XCTest.framework in Frameworks */,
			);
			runOnlyForDeploymentPostprocessing = 0;
		};
/* End PBXFrameworksBuildPhase section */

/* Begin PBXGroup section */
		332110B1189A0FBD00A918A7 /* Controllers */ = {
			isa = PBXGroup;
			children = (
				336A3C42189BE0D80098C979 /* Base */,
				336A3C3B189B03CD0098C979 /* LogsController.h */,
				336A3C3C189B03CD0098C979 /* LogsController.m */,
				F29B81F3AAB73EDDD629E0DC /* LoginController.m */,
				F29B82303777C883AAFFE7E5 /* LoginController.h */,
				F29B800057A0AD7F88365E2C /* LogDetailsController.m */,
				F29B8264ADEEA211FD82429F /* LogDetailsController.h */,
			);
			path = Controllers;
			sourceTree = SOURCE_ROOT;
		};
		3352E91718C1187000BA3C86 /* Windows */ = {
			isa = PBXGroup;
			children = (
				3352E91818C1187000BA3C86 /* ComponentsWindow.xib */,
				F29B8D96240CC6D036835831 /* ComponentsWindowController.h */,
				F29B81EABF673848F8A403D6 /* ComponentsWindowController.m */,
				330F2CA018C4D0D400DD6424 /* Counter2Window.xib */,
				F29B87B89901DB43C7504241 /* Counter2WindowController.h */,
				F29B85AEAFF11267FA7F042D /* Counter2WindowController.m */,
				3352E91918C1187000BA3C86 /* CounterWindow.xib */,
				3352E91A18C1187000BA3C86 /* CounterWindowController.h */,
				3352E91B18C1187000BA3C86 /* CounterWindowController.m */,
				3352E94A18C1486400BA3C86 /* DataWindow.xib */,
				F29B8A1219A7CD6B1C3790F8 /* DataWindowController.h */,
				F29B8E1874F931515475B302 /* DataWindowController.m */,
				3352E91C18C1187000BA3C86 /* EmptyWindow.xib */,
				3352E91D18C1187000BA3C86 /* EmptyWindowController.h */,
				3352E91E18C1187000BA3C86 /* EmptyWindowController.m */,
				3352E91F18C1187000BA3C86 /* LoginWindow.xib */,
				3352E92018C1187000BA3C86 /* LoginWindowController.h */,
				3352E92118C1187000BA3C86 /* LoginWindowController.m */,
				3352E92218C1187000BA3C86 /* LogPadWindow.xib */,
				3352E92318C1187000BA3C86 /* LogPadWindowController.h */,
				3352E92418C1187000BA3C86 /* LogPadWindowController.m */,
				3386354418C5022A0059AB65 /* MainWindow.xib */,
				F29B8D87D7CFE708D4AA2DDE /* MainWindowController.h */,
				F29B8849D1536BE6F26E129B /* MainWindowController.m */,
				3352E92518C1187000BA3C86 /* ProjectWindowController.h */,
				3352E92618C1187000BA3C86 /* ProjectWindowController.m */,
				3352E92718C1187000BA3C86 /* StopwatchWindow.xib */,
				3352E92818C1187000BA3C86 /* StopwatchWindowController.h */,
				3352E92918C1187000BA3C86 /* StopwatchWindowController.m */,
				3352E92A18C1187000BA3C86 /* StreamWindow.xib */,
				3352E92B18C1187000BA3C86 /* StreamWindowController.h */,
				3352E92C18C1187000BA3C86 /* StreamWindowController.m */,
				3352E92D18C1187000BA3C86 /* TableWindow.xib */,
				3352E92E18C1187000BA3C86 /* TableWindowController.h */,
				3352E92F18C1187000BA3C86 /* TableWindowController.m */,
				3352E93018C1187000BA3C86 /* TextViewWindow.xib */,
				3352E93118C1187000BA3C86 /* TextViewWindowController.h */,
				3352E93218C1187000BA3C86 /* TextViewWindowController.m */,
				3352E93318C1187000BA3C86 /* TreeWindow.xib */,
				3352E93418C1187000BA3C86 /* TreeWindowController.h */,
				3352E93518C1187000BA3C86 /* TreeWindowController.m */,
			);
			path = Windows;
			sourceTree = SOURCE_ROOT;
		};
		33579577189E1889007CDDAD /* BOOutlineView */ = {
			isa = PBXGroup;
			children = (
				F29B865958179F7601217420 /* BOOutlineViewItem.m */,
				F29B8A7F77C18D7D4A56ADED /* BOOutlineViewItem.h */,
			);
			path = BOOutlineView;
			sourceTree = SOURCE_ROOT;
		};
		3366103918A6E277005D2FE8 /* Controls */ = {
			isa = PBXGroup;
			children = (
			);
			path = Controls;
			sourceTree = "<group>";
		};
		336A3C15189A974D0098C979 /* UI */ = {
			isa = PBXGroup;
			children = (
				3366103918A6E277005D2FE8 /* Controls */,
				33B8AAB3189C7A8000786C7A /* LogDetailsController.xib */,
			);
			path = UI;
			sourceTree = SOURCE_ROOT;
		};
		336A3C35189AD6240098C979 /* Controls */ = {
			isa = PBXGroup;
			children = (
				F29B8CC33C9BBC60A70CA4A7 /* RedButton.m */,
				F29B842EC72B2B672BAFE836 /* RedButton.h */,
				F29B8A246CF81701762D77A0 /* DPLabeledTextField.m */,
				F29B87A83D9239FA1CB7F927 /* DPLabeledTextField.h */,
			);
			path = Controls;
			sourceTree = SOURCE_ROOT;
		};
		336A3C42189BE0D80098C979 /* Base */ = {
			isa = PBXGroup;
			children = (
				336A3C43189BE0D80098C979 /* SPViewController.h */,
				336A3C44189BE0D80098C979 /* SPViewController.m */,
				336A3C45189BE0D80098C979 /* BaseWindowController.h */,
				336A3C46189BE0D80098C979 /* BaseWindowController.m */,
			);
			path = Base;
			sourceTree = "<group>";
		};
		3376002218994CD300BE82F4 /* Models */ = {
			isa = PBXGroup;
			children = (
				3376002318994CD300BE82F4 /* DPObject.h */,
				3376002418994CD300BE82F4 /* DPObject.m */,
				3376002518994CD300BE82F4 /* TimeLog.h */,
				3376002618994CD300BE82F4 /* TimeLog.m */,
				F29B8E19A6E829AC78FDF076 /* Model.m */,
				F29B82282425F7BE56BFB76C /* Model.h */,
				F29B864D30E0DD31CFB78EE9 /* ModelDelegate.h */,
			);
			path = Models;
			sourceTree = SOURCE_ROOT;
		};
		3376002918994CE700BE82F4 /* Views */ = {
			isa = PBXGroup;
			children = (
				F29B8B377FC13EC53132673D /* DPIntervalTextField.m */,
				F29B8A5860DD3057CAE318A0 /* DPIntervalTextField.h */,
				F29B84D723A5FC80C06476E0 /* DPShadowView.m */,
				F29B8C7642A240036BB44F87 /* DPShadowView.h */,
				F29B856388B570778DC6D866 /* NSView+TMUtils.m */,
				F29B80573401D2508544DDA1 /* NSView+TMUtils.h */,
			);
			path = Views;
			sourceTree = SOURCE_ROOT;
		};
		33B32D601898436F002E2FC2 = {
			isa = PBXGroup;
			children = (
				33B32D721898436F002E2FC2 /* Stopwatch */,
				33B32D901898436F002E2FC2 /* StopwatchTests */,
				33B32D6B1898436F002E2FC2 /* Frameworks */,
				33B32D6A1898436F002E2FC2 /* Products */,
				812DCD75301A43809FBC4726 /* Pods.xcconfig */,
			);
			sourceTree = "<group>";
		};
		33B32D6A1898436F002E2FC2 /* Products */ = {
			isa = PBXGroup;
			children = (
				33B32D691898436F002E2FC2 /* Stopwatch.app */,
				33B32D8A1898436F002E2FC2 /* StopwatchTests.xctest */,
			);
			name = Products;
			sourceTree = "<group>";
		};
		33B32D6B1898436F002E2FC2 /* Frameworks */ = {
			isa = PBXGroup;
			children = (
				33B32D6C1898436F002E2FC2 /* Cocoa.framework */,
				33B32D8B1898436F002E2FC2 /* XCTest.framework */,
				33B32D6E1898436F002E2FC2 /* Other Frameworks */,
				A482A3748F8D4846A1CEFE3B /* libPods.a */,
			);
			name = Frameworks;
			sourceTree = "<group>";
		};
		33B32D6E1898436F002E2FC2 /* Other Frameworks */ = {
			isa = PBXGroup;
			children = (
				33B32D6F1898436F002E2FC2 /* AppKit.framework */,
				33B32D701898436F002E2FC2 /* CoreData.framework */,
				33B32D711898436F002E2FC2 /* Foundation.framework */,
			);
			name = "Other Frameworks";
			sourceTree = "<group>";
		};
		33B32D721898436F002E2FC2 /* Stopwatch */ = {
			isa = PBXGroup;
			children = (
				3352E91718C1187000BA3C86 /* Windows */,
				33579577189E1889007CDDAD /* BOOutlineView */,
				336A3C35189AD6240098C979 /* Controls */,
				332110B1189A0FBD00A918A7 /* Controllers */,
				336A3C15189A974D0098C979 /* UI */,
				3376002218994CD300BE82F4 /* Models */,
				3376002918994CE700BE82F4 /* Views */,
				33B32DA018984433002E2FC2 /* DPTimeControls */,
				33B32D7E1898436F002E2FC2 /* AppDelegate.h */,
				33B32D7F1898436F002E2FC2 /* AppDelegate.m */,
				33B32D811898436F002E2FC2 /* MainMenu.xib */,
				33B32D841898436F002E2FC2 /* Images.xcassets */,
				33B32D731898436F002E2FC2 /* Supporting Files */,
			);
			path = Stopwatch;
			sourceTree = "<group>";
		};
		33B32D731898436F002E2FC2 /* Supporting Files */ = {
			isa = PBXGroup;
			children = (
				33B32D741898436F002E2FC2 /* Stopwatch-Info.plist */,
				33B32D751898436F002E2FC2 /* InfoPlist.strings */,
				33B32D781898436F002E2FC2 /* main.m */,
				33B32D7A1898436F002E2FC2 /* Stopwatch-Prefix.pch */,
				33B32D7B1898436F002E2FC2 /* Credits.rtf */,
			);
			name = "Supporting Files";
			sourceTree = "<group>";
		};
		33B32D901898436F002E2FC2 /* StopwatchTests */ = {
			isa = PBXGroup;
			children = (
				33B32D961898436F002E2FC2 /* StopwatchTests.m */,
				33B32D911898436F002E2FC2 /* Supporting Files */,
			);
			path = StopwatchTests;
			sourceTree = "<group>";
		};
		33B32D911898436F002E2FC2 /* Supporting Files */ = {
			isa = PBXGroup;
			children = (
				33B32D921898436F002E2FC2 /* StopwatchTests-Info.plist */,
				33B32D931898436F002E2FC2 /* InfoPlist.strings */,
			);
			name = "Supporting Files";
			sourceTree = "<group>";
		};
		33B32DA018984433002E2FC2 /* DPTimeControls */ = {
			isa = PBXGroup;
			children = (
			);
			name = DPTimeControls;
			path = ../../../../LocalPods/Controls/DPTimeControls/DPTimeControls;
			sourceTree = "<group>";
		};
/* End PBXGroup section */

/* Begin PBXNativeTarget section */
		33B32D681898436F002E2FC2 /* Stopwatch */ = {
			isa = PBXNativeTarget;
			buildConfigurationList = 33B32D9A1898436F002E2FC2 /* Build configuration list for PBXNativeTarget "Stopwatch" */;
			buildPhases = (
				400F1ACB1FAD4D8F9408FA6F /* Check Pods Manifest.lock */,
				33B32D651898436F002E2FC2 /* Sources */,
				33B32D661898436F002E2FC2 /* Frameworks */,
				33B32D671898436F002E2FC2 /* Resources */,
				C781CB8B879047819B18A5FA /* Copy Pods Resources */,
			);
			buildRules = (
			);
			dependencies = (
			);
			name = Stopwatch;
			productName = Stopwatch;
			productReference = 33B32D691898436F002E2FC2 /* Stopwatch.app */;
			productType = "com.apple.product-type.application";
		};
		33B32D891898436F002E2FC2 /* StopwatchTests */ = {
			isa = PBXNativeTarget;
			buildConfigurationList = 33B32D9D1898436F002E2FC2 /* Build configuration list for PBXNativeTarget "StopwatchTests" */;
			buildPhases = (
				33B32D861898436F002E2FC2 /* Sources */,
				33B32D871898436F002E2FC2 /* Frameworks */,
				33B32D881898436F002E2FC2 /* Resources */,
			);
			buildRules = (
			);
			dependencies = (
				33B32D8F1898436F002E2FC2 /* PBXTargetDependency */,
			);
			name = StopwatchTests;
			productName = StopwatchTests;
			productReference = 33B32D8A1898436F002E2FC2 /* StopwatchTests.xctest */;
			productType = "com.apple.product-type.bundle.unit-test";
		};
/* End PBXNativeTarget section */

/* Begin PBXProject section */
		33B32D611898436F002E2FC2 /* Project object */ = {
			isa = PBXProject;
			attributes = {
				LastUpgradeCheck = 0500;
				ORGANIZATIONNAME = "Dani Postigo";
				TargetAttributes = {
					33B32D891898436F002E2FC2 = {
						TestTargetID = 33B32D681898436F002E2FC2;
					};
				};
			};
			buildConfigurationList = 33B32D641898436F002E2FC2 /* Build configuration list for PBXProject "Stopwatch" */;
			compatibilityVersion = "Xcode 3.2";
			developmentRegion = English;
			hasScannedForEncodings = 0;
			knownRegions = (
				en,
				Base,
			);
			mainGroup = 33B32D601898436F002E2FC2;
			productRefGroup = 33B32D6A1898436F002E2FC2 /* Products */;
			projectDirPath = "";
			projectRoot = "";
			targets = (
				33B32D681898436F002E2FC2 /* Stopwatch */,
				33B32D891898436F002E2FC2 /* StopwatchTests */,
			);
		};
/* End PBXProject section */

/* Begin PBXResourcesBuildPhase section */
		33B32D671898436F002E2FC2 /* Resources */ = {
			isa = PBXResourcesBuildPhase;
			buildActionMask = 2147483647;
			files = (
				3352E93D18C1187000BA3C86 /* LogPadWindow.xib in Resources */,
				3352E94418C1187000BA3C86 /* TableWindow.xib in Resources */,
				3352E93B18C1187000BA3C86 /* LoginWindow.xib in Resources */,
				33B32D771898436F002E2FC2 /* InfoPlist.strings in Resources */,
				3352E93718C1187000BA3C86 /* CounterWindow.xib in Resources */,
				33B8AAB4189C7A8000786C7A /* LogDetailsController.xib in Resources */,
				3352E94818C1187000BA3C86 /* TreeWindow.xib in Resources */,
				33B32D851898436F002E2FC2 /* Images.xcassets in Resources */,
				3386354518C5022A0059AB65 /* MainWindow.xib in Resources */,
				33B32D7D1898436F002E2FC2 /* Credits.rtf in Resources */,
				3352E93618C1187000BA3C86 /* ComponentsWindow.xib in Resources */,
				3352E94B18C1486400BA3C86 /* DataWindow.xib in Resources */,
				3352E94218C1187000BA3C86 /* StreamWindow.xib in Resources */,
				3352E94018C1187000BA3C86 /* StopwatchWindow.xib in Resources */,
				33B32D831898436F002E2FC2 /* MainMenu.xib in Resources */,
				330F2CA118C4D0D400DD6424 /* Counter2Window.xib in Resources */,
				3352E93918C1187000BA3C86 /* EmptyWindow.xib in Resources */,
				3352E94618C1187000BA3C86 /* TextViewWindow.xib in Resources */,
			);
			runOnlyForDeploymentPostprocessing = 0;
		};
		33B32D881898436F002E2FC2 /* Resources */ = {
			isa = PBXResourcesBuildPhase;
			buildActionMask = 2147483647;
			files = (
				33B32D951898436F002E2FC2 /* InfoPlist.strings in Resources */,
			);
			runOnlyForDeploymentPostprocessing = 0;
		};
/* End PBXResourcesBuildPhase section */

/* Begin PBXShellScriptBuildPhase section */
		400F1ACB1FAD4D8F9408FA6F /* Check Pods Manifest.lock */ = {
			isa = PBXShellScriptBuildPhase;
			buildActionMask = 2147483647;
			files = (
			);
			inputPaths = (
			);
			name = "Check Pods Manifest.lock";
			outputPaths = (
			);
			runOnlyForDeploymentPostprocessing = 0;
			shellPath = /bin/sh;
			shellScript = "diff \"${PODS_ROOT}/../Podfile.lock\" \"${PODS_ROOT}/Manifest.lock\" > /dev/null\nif [[ $? != 0 ]] ; then\n    cat << EOM\nerror: The sandbox is not in sync with the Podfile.lock. Run 'pod install' or update your CocoaPods installation.\nEOM\n    exit 1\nfi\n";
			showEnvVarsInLog = 0;
		};
		C781CB8B879047819B18A5FA /* Copy Pods Resources */ = {
			isa = PBXShellScriptBuildPhase;
			buildActionMask = 2147483647;
			files = (
			);
			inputPaths = (
			);
			name = "Copy Pods Resources";
			outputPaths = (
			);
			runOnlyForDeploymentPostprocessing = 0;
			shellPath = /bin/sh;
			shellScript = "\"${SRCROOT}/Pods/Pods-resources.sh\"\n";
			showEnvVarsInLog = 0;
		};
/* End PBXShellScriptBuildPhase section */

/* Begin PBXSourcesBuildPhase section */
		33B32D651898436F002E2FC2 /* Sources */ = {
			isa = PBXSourcesBuildPhase;
			buildActionMask = 2147483647;
			files = (
				3352E94518C1187000BA3C86 /* TableWindowController.m in Sources */,
				3352E94918C1187000BA3C86 /* TreeWindowController.m in Sources */,
				3376002718994CD300BE82F4 /* DPObject.m in Sources */,
				3376002818994CD300BE82F4 /* TimeLog.m in Sources */,
				33B32D801898436F002E2FC2 /* AppDelegate.m in Sources */,
				33B32D791898436F002E2FC2 /* main.m in Sources */,
				3352E94718C1187000BA3C86 /* TextViewWindowController.m in Sources */,
				336A3C3D189B03CD0098C979 /* LogsController.m in Sources */,
				3352E93A18C1187000BA3C86 /* EmptyWindowController.m in Sources */,
				3352E93E18C1187000BA3C86 /* LogPadWindowController.m in Sources */,
				3352E94318C1187000BA3C86 /* StreamWindowController.m in Sources */,
				3352E94118C1187000BA3C86 /* StopwatchWindowController.m in Sources */,
				F29B8BDE8E62C84FFB592C69 /* DPIntervalTextField.m in Sources */,
				F29B818EA97B95EDFD4F3205 /* LoginController.m in Sources */,
				336A3C48189BE0D80098C979 /* BaseWindowController.m in Sources */,
				F29B83B95027DE0ADA8C81B9 /* Model.m in Sources */,
				F29B8AE4A10A11806E76848B /* DPShadowView.m in Sources */,
				3352E93818C1187000BA3C86 /* CounterWindowController.m in Sources */,
				336A3C47189BE0D80098C979 /* SPViewController.m in Sources */,
				F29B8FEC286E82E098A1FCDB /* RedButton.m in Sources */,
				F29B856CD1D4467A71F2B2C5 /* LogDetailsController.m in Sources */,
				F29B85EF320D28EBDA589FFB /* DPLabeledTextField.m in Sources */,
				F29B81B7C48FCECC3A33F7A3 /* BOOutlineViewItem.m in Sources */,
				F29B8C0ECA5C2116B7FD880B /* NSView+TMUtils.m in Sources */,
				3352E93C18C1187000BA3C86 /* LoginWindowController.m in Sources */,
				3352E93F18C1187000BA3C86 /* ProjectWindowController.m in Sources */,
				F29B8F0C0F351B8AFABBE0A6 /* ComponentsWindowController.m in Sources */,
				F29B85DCF22FD7A38BEFE5A0 /* DataWindowController.m in Sources */,
				F29B89989C5A5DB1ED614A49 /* Counter2WindowController.m in Sources */,
				F29B80D38BF58870062344B7 /* MainWindowController.m in Sources */,
			);
			runOnlyForDeploymentPostprocessing = 0;
		};
		33B32D861898436F002E2FC2 /* Sources */ = {
			isa = PBXSourcesBuildPhase;
			buildActionMask = 2147483647;
			files = (
				33B32D971898436F002E2FC2 /* StopwatchTests.m in Sources */,
			);
			runOnlyForDeploymentPostprocessing = 0;
		};
/* End PBXSourcesBuildPhase section */

/* Begin PBXTargetDependency section */
		33B32D8F1898436F002E2FC2 /* PBXTargetDependency */ = {
			isa = PBXTargetDependency;
			target = 33B32D681898436F002E2FC2 /* Stopwatch */;
			targetProxy = 33B32D8E1898436F002E2FC2 /* PBXContainerItemProxy */;
		};
/* End PBXTargetDependency section */

/* Begin PBXVariantGroup section */
		33B32D751898436F002E2FC2 /* InfoPlist.strings */ = {
			isa = PBXVariantGroup;
			children = (
				33B32D761898436F002E2FC2 /* en */,
			);
			name = InfoPlist.strings;
			sourceTree = "<group>";
		};
		33B32D7B1898436F002E2FC2 /* Credits.rtf */ = {
			isa = PBXVariantGroup;
			children = (
				33B32D7C1898436F002E2FC2 /* en */,
			);
			name = Credits.rtf;
			sourceTree = "<group>";
		};
		33B32D811898436F002E2FC2 /* MainMenu.xib */ = {
			isa = PBXVariantGroup;
			children = (
				33B32D821898436F002E2FC2 /* Base */,
			);
			name = MainMenu.xib;
			sourceTree = "<group>";
		};
		33B32D931898436F002E2FC2 /* InfoPlist.strings */ = {
			isa = PBXVariantGroup;
			children = (
				33B32D941898436F002E2FC2 /* en */,
			);
			name = InfoPlist.strings;
			sourceTree = "<group>";
		};
/* End PBXVariantGroup section */

/* Begin XCBuildConfiguration section */
		33B32D981898436F002E2FC2 /* Debug */ = {
			isa = XCBuildConfiguration;
			buildSettings = {
				ALWAYS_SEARCH_USER_PATHS = NO;
				CLANG_CXX_LANGUAGE_STANDARD = "gnu++0x";
				CLANG_CXX_LIBRARY = "libc++";
				CLANG_ENABLE_OBJC_ARC = YES;
				CLANG_WARN_BOOL_CONVERSION = YES;
				CLANG_WARN_CONSTANT_CONVERSION = YES;
				CLANG_WARN_DIRECT_OBJC_ISA_USAGE = YES_ERROR;
				CLANG_WARN_EMPTY_BODY = YES;
				CLANG_WARN_ENUM_CONVERSION = YES;
				CLANG_WARN_INT_CONVERSION = YES;
				CLANG_WARN_OBJC_ROOT_CLASS = YES_ERROR;
				CLANG_WARN__DUPLICATE_METHOD_MATCH = YES;
				COPY_PHASE_STRIP = NO;
				GCC_C_LANGUAGE_STANDARD = gnu99;
				GCC_DYNAMIC_NO_PIC = NO;
				GCC_ENABLE_OBJC_EXCEPTIONS = YES;
				GCC_OPTIMIZATION_LEVEL = 0;
				GCC_PREPROCESSOR_DEFINITIONS = (
					"DEBUG=1",
					"$(inherited)",
				);
				GCC_SYMBOLS_PRIVATE_EXTERN = NO;
				GCC_WARN_64_TO_32_BIT_CONVERSION = YES;
				GCC_WARN_ABOUT_RETURN_TYPE = YES_ERROR;
				GCC_WARN_UNDECLARED_SELECTOR = YES;
				GCC_WARN_UNINITIALIZED_AUTOS = YES;
				GCC_WARN_UNUSED_FUNCTION = YES;
				GCC_WARN_UNUSED_VARIABLE = YES;
				MACOSX_DEPLOYMENT_TARGET = 10.9;
				ONLY_ACTIVE_ARCH = YES;
				SDKROOT = macosx10.8;
			};
			name = Debug;
		};
		33B32D991898436F002E2FC2 /* Release */ = {
			isa = XCBuildConfiguration;
			buildSettings = {
				ALWAYS_SEARCH_USER_PATHS = NO;
				CLANG_CXX_LANGUAGE_STANDARD = "gnu++0x";
				CLANG_CXX_LIBRARY = "libc++";
				CLANG_ENABLE_OBJC_ARC = YES;
				CLANG_WARN_BOOL_CONVERSION = YES;
				CLANG_WARN_CONSTANT_CONVERSION = YES;
				CLANG_WARN_DIRECT_OBJC_ISA_USAGE = YES_ERROR;
				CLANG_WARN_EMPTY_BODY = YES;
				CLANG_WARN_ENUM_CONVERSION = YES;
				CLANG_WARN_INT_CONVERSION = YES;
				CLANG_WARN_OBJC_ROOT_CLASS = YES_ERROR;
				CLANG_WARN__DUPLICATE_METHOD_MATCH = YES;
				COPY_PHASE_STRIP = YES;
				DEBUG_INFORMATION_FORMAT = "dwarf-with-dsym";
				ENABLE_NS_ASSERTIONS = NO;
				GCC_C_LANGUAGE_STANDARD = gnu99;
				GCC_ENABLE_OBJC_EXCEPTIONS = YES;
				GCC_WARN_64_TO_32_BIT_CONVERSION = YES;
				GCC_WARN_ABOUT_RETURN_TYPE = YES_ERROR;
				GCC_WARN_UNDECLARED_SELECTOR = YES;
				GCC_WARN_UNINITIALIZED_AUTOS = YES;
				GCC_WARN_UNUSED_FUNCTION = YES;
				GCC_WARN_UNUSED_VARIABLE = YES;
				MACOSX_DEPLOYMENT_TARGET = 10.9;
				SDKROOT = macosx10.8;
			};
			name = Release;
		};
		33B32D9B1898436F002E2FC2 /* Debug */ = {
			isa = XCBuildConfiguration;
			baseConfigurationReference = 812DCD75301A43809FBC4726 /* Pods.xcconfig */;
			buildSettings = {
				ASSETCATALOG_COMPILER_APPICON_NAME = AppIcon;
				COMBINE_HIDPI_IMAGES = YES;
				GCC_PRECOMPILE_PREFIX_HEADER = YES;
				GCC_PREFIX_HEADER = "Stopwatch/Stopwatch-Prefix.pch";
				INFOPLIST_FILE = "Stopwatch/Stopwatch-Info.plist";
				MACOSX_DEPLOYMENT_TARGET = 10.8;
				PRODUCT_NAME = "$(TARGET_NAME)";
				USER_HEADER_SEARCH_PATHS = "";
				WRAPPER_EXTENSION = app;
			};
			name = Debug;
		};
		33B32D9C1898436F002E2FC2 /* Release */ = {
			isa = XCBuildConfiguration;
			baseConfigurationReference = 812DCD75301A43809FBC4726 /* Pods.xcconfig */;
			buildSettings = {
				ASSETCATALOG_COMPILER_APPICON_NAME = AppIcon;
				COMBINE_HIDPI_IMAGES = YES;
				GCC_PRECOMPILE_PREFIX_HEADER = YES;
				GCC_PREFIX_HEADER = "Stopwatch/Stopwatch-Prefix.pch";
				INFOPLIST_FILE = "Stopwatch/Stopwatch-Info.plist";
				MACOSX_DEPLOYMENT_TARGET = 10.8;
				PRODUCT_NAME = "$(TARGET_NAME)";
				USER_HEADER_SEARCH_PATHS = "";
				WRAPPER_EXTENSION = app;
			};
			name = Release;
		};
		33B32D9E1898436F002E2FC2 /* Debug */ = {
			isa = XCBuildConfiguration;
			buildSettings = {
				BUNDLE_LOADER = "$(BUILT_PRODUCTS_DIR)/Stopwatch.app/Contents/MacOS/Stopwatch";
				COMBINE_HIDPI_IMAGES = YES;
				FRAMEWORK_SEARCH_PATHS = (
					"$(DEVELOPER_FRAMEWORKS_DIR)",
					"$(inherited)",
				);
				GCC_PRECOMPILE_PREFIX_HEADER = YES;
				GCC_PREFIX_HEADER = "Stopwatch/Stopwatch-Prefix.pch";
				GCC_PREPROCESSOR_DEFINITIONS = (
					"DEBUG=1",
					"$(inherited)",
				);
				INFOPLIST_FILE = "StopwatchTests/StopwatchTests-Info.plist";
				MACOSX_DEPLOYMENT_TARGET = 10.8;
				PRODUCT_NAME = "$(TARGET_NAME)";
				TEST_HOST = "$(BUNDLE_LOADER)";
				WRAPPER_EXTENSION = xctest;
			};
			name = Debug;
		};
		33B32D9F1898436F002E2FC2 /* Release */ = {
			isa = XCBuildConfiguration;
			buildSettings = {
				BUNDLE_LOADER = "$(BUILT_PRODUCTS_DIR)/Stopwatch.app/Contents/MacOS/Stopwatch";
				COMBINE_HIDPI_IMAGES = YES;
				FRAMEWORK_SEARCH_PATHS = (
					"$(DEVELOPER_FRAMEWORKS_DIR)",
					"$(inherited)",
				);
				GCC_PRECOMPILE_PREFIX_HEADER = YES;
				GCC_PREFIX_HEADER = "Stopwatch/Stopwatch-Prefix.pch";
				INFOPLIST_FILE = "StopwatchTests/StopwatchTests-Info.plist";
				MACOSX_DEPLOYMENT_TARGET = 10.8;
				PRODUCT_NAME = "$(TARGET_NAME)";
				TEST_HOST = "$(BUNDLE_LOADER)";
				WRAPPER_EXTENSION = xctest;
			};
			name = Release;
		};
/* End XCBuildConfiguration section */

/* Begin XCConfigurationList section */
		33B32D641898436F002E2FC2 /* Build configuration list for PBXProject "Stopwatch" */ = {
			isa = XCConfigurationList;
			buildConfigurations = (
				33B32D981898436F002E2FC2 /* Debug */,
				33B32D991898436F002E2FC2 /* Release */,
			);
			defaultConfigurationIsVisible = 0;
			defaultConfigurationName = Release;
		};
		33B32D9A1898436F002E2FC2 /* Build configuration list for PBXNativeTarget "Stopwatch" */ = {
			isa = XCConfigurationList;
			buildConfigurations = (
				33B32D9B1898436F002E2FC2 /* Debug */,
				33B32D9C1898436F002E2FC2 /* Release */,
			);
			defaultConfigurationIsVisible = 0;
			defaultConfigurationName = Release;
		};
		33B32D9D1898436F002E2FC2 /* Build configuration list for PBXNativeTarget "StopwatchTests" */ = {
			isa = XCConfigurationList;
			buildConfigurations = (
				33B32D9E1898436F002E2FC2 /* Debug */,
				33B32D9F1898436F002E2FC2 /* Release */,
			);
			defaultConfigurationIsVisible = 0;
			defaultConfigurationName = Release;
		};
/* End XCConfigurationList section */
	};
	rootObject = 33B32D611898436F002E2FC2 /* Project object */;
}
